
Microsoft Visual Studio Solution File, Format Version 12.00
# Visual Studio Version 17
VisualStudioVersion = 17.5.002.0
MinimumVisualStudioVersion = 10.0.40219.1
Project("{9A19103F-16F7-4668-BE54-9A1E7A4F7556}") = "ExemploSerializacao", "ExemploSerializacao.csproj", "{B96C8E51-B41E-4515-80FD-C916FEC1D951}"
EndProject
Global
	GlobalSection(SolutionConfigurationPlatforms) = preSolution
		Debug|Any CPU = Debug|Any CPU
		Release|Any CPU = Release|Any CPU
	EndGlobalSection
	GlobalSection(ProjectConfigurationPlatforms) = postSolution
		{B96C8E51-B41E-4515-80FD-C916FEC1D951}.Debug|Any CPU.ActiveCfg = Debug|Any CPU
		{B96C8E51-B41E-4515-80FD-C916FEC1D951}.Debug|Any CPU.Build.0 = Debug|Any CPU
		{B96C8E51-B41E-4515-80FD-C916FEC1D951}.Release|Any CPU.ActiveCfg = Release|Any CPU
		{B96C8E51-B41E-4515-80FD-C916FEC1D951}.Release|Any CPU.Build.0 = Release|Any CPU
	EndGlobalSection
	GlobalSection(SolutionProperties) = preSolution
		HideSolutionNode = FALSE
	EndGlobalSection
	GlobalSection(ExtensibilityGlobals) = postSolution
		SolutionGuid = {CA4C226A-32BB-42D1-AF9A-BAF99AD2F507}
	EndGlobalSection
EndGlobal
